
Microsoft Visual Studio Solution File, Format Version 12.00
# Visual Studio Version 16
VisualStudioVersion = 16.0.32901.82
MinimumVisualStudioVersion = 10.0.40219.1
Project("{FAE04EC0-301F-11D3-BF4B-00C04F79EFBC}") = "OgrenciNotKayıtSistemi", "OgrenciNotKayıtSistemi\OgrenciNotKayıtSistemi.csproj", "{5DCF287E-B956-4EDE-B4C1-6F541731DC6E}"
EndProject
Global
	GlobalSection(SolutionConfigurationPlatforms) = preSolution
		Debug|Any CPU = Debug|Any CPU
		Release|Any CPU = Release|Any CPU
	EndGlobalSection
	GlobalSection(ProjectConfigurationPlatforms) = postSolution
		{5DCF287E-B956-4EDE-B4C1-6F541731DC6E}.Debug|Any CPU.ActiveCfg = Debug|Any CPU
		{5DCF287E-B956-4EDE-B4C1-6F541731DC6E}.Debug|Any CPU.Build.0 = Debug|Any CPU
		{5DCF287E-B956-4EDE-B4C1-6F541731DC6E}.Release|Any CPU.ActiveCfg = Release|Any CPU
		{5DCF287E-B956-4EDE-B4C1-6F541731DC6E}.Release|Any CPU.Build.0 = Release|Any CPU
	EndGlobalSection
	GlobalSection(SolutionProperties) = preSolution
		HideSolutionNode = FALSE
	EndGlobalSection
	GlobalSection(ExtensibilityGlobals) = postSolution
		SolutionGuid = {D8BAFF0A-4ED1-430F-89BF-003FABCCDC74}
	EndGlobalSection
EndGlobal
